
Microsoft Visual Studio Solution File, Format Version 11.00
# Visual Studio 2010
Project("{FAE04EC0-301F-11D3-BF4B-00C04F79EFBC}") = "ShowDialogPBar", "ShowDialogPBar\ShowDialogPBar.csproj", "{9FD125FF-AECF-4229-B069-195F9543C490}"
EndProject
Global
	GlobalSection(SolutionConfigurationPlatforms) = preSolution
		Debug|x86 = Debug|x86
		Release|x86 = Release|x86
	EndGlobalSection
	GlobalSection(ProjectConfigurationPlatforms) = postSolution
		{9FD125FF-AECF-4229-B069-195F9543C490}.Debug|x86.ActiveCfg = Debug|x86
		{9FD125FF-AECF-4229-B069-195F9543C490}.Debug|x86.Build.0 = Debug|x86
		{9FD125FF-AECF-4229-B069-195F9543C490}.Release|x86.ActiveCfg = Release|x86
		{9FD125FF-AECF-4229-B069-195F9543C490}.Release|x86.Build.0 = Release|x86
	EndGlobalSection
	GlobalSection(SolutionProperties) = preSolution
		HideSolutionNode = FALSE
	EndGlobalSection
EndGlobal
