
Microsoft Visual Studio Solution File, Format Version 11.00
# Visual Studio 2010
Project("{FAE04EC0-301F-11D3-BF4B-00C04F79EFBC}") = "EightQueenDemo", "EightQueenDemo\EightQueenDemo.csproj", "{3ECC4804-F98C-4222-A95A-076CE1E37F7E}"
EndProject
Global
	GlobalSection(SolutionConfigurationPlatforms) = preSolution
		Debug|x86 = Debug|x86
		Release|x86 = Release|x86
	EndGlobalSection
	GlobalSection(ProjectConfigurationPlatforms) = postSolution
		{3ECC4804-F98C-4222-A95A-076CE1E37F7E}.Debug|x86.ActiveCfg = Debug|x86
		{3ECC4804-F98C-4222-A95A-076CE1E37F7E}.Debug|x86.Build.0 = Debug|x86
		{3ECC4804-F98C-4222-A95A-076CE1E37F7E}.Release|x86.ActiveCfg = Release|x86
		{3ECC4804-F98C-4222-A95A-076CE1E37F7E}.Release|x86.Build.0 = Release|x86
	EndGlobalSection
	GlobalSection(SolutionProperties) = preSolution
		HideSolutionNode = FALSE
	EndGlobalSection
EndGlobal
