
Microsoft Visual Studio Solution File, Format Version 11.00
# Visual Studio 2010
Project("{FAE04EC0-301F-11D3-BF4B-00C04F79EFBC}") = "EncryptDemo", "EncryptDemo\EncryptDemo.csproj", "{6B1B3CC0-16B5-4DE1-A143-36A8A5CC746E}"
EndProject
Global
	GlobalSection(SolutionConfigurationPlatforms) = preSolution
		Debug|x86 = Debug|x86
		Release|x86 = Release|x86
	EndGlobalSection
	GlobalSection(ProjectConfigurationPlatforms) = postSolution
		{6B1B3CC0-16B5-4DE1-A143-36A8A5CC746E}.Debug|x86.ActiveCfg = Debug|x86
		{6B1B3CC0-16B5-4DE1-A143-36A8A5CC746E}.Debug|x86.Build.0 = Debug|x86
		{6B1B3CC0-16B5-4DE1-A143-36A8A5CC746E}.Release|x86.ActiveCfg = Release|x86
		{6B1B3CC0-16B5-4DE1-A143-36A8A5CC746E}.Release|x86.Build.0 = Release|x86
	EndGlobalSection
	GlobalSection(SolutionProperties) = preSolution
		HideSolutionNode = FALSE
	EndGlobalSection
EndGlobal
