
Microsoft Visual Studio Solution File, Format Version 11.00
# Visual Studio 2010
Project("{FAE04EC0-301F-11D3-BF4B-00C04F79EFBC}") = "FTPDemo", "FTPDemo\FTPDemo.csproj", "{D5F78FED-74AD-401B-AC90-3E070B38AD36}"
EndProject
Global
	GlobalSection(SolutionConfigurationPlatforms) = preSolution
		Debug|x86 = Debug|x86
		Release|x86 = Release|x86
	EndGlobalSection
	GlobalSection(ProjectConfigurationPlatforms) = postSolution
		{D5F78FED-74AD-401B-AC90-3E070B38AD36}.Debug|x86.ActiveCfg = Debug|x86
		{D5F78FED-74AD-401B-AC90-3E070B38AD36}.Debug|x86.Build.0 = Debug|x86
		{D5F78FED-74AD-401B-AC90-3E070B38AD36}.Release|x86.ActiveCfg = Release|x86
		{D5F78FED-74AD-401B-AC90-3E070B38AD36}.Release|x86.Build.0 = Release|x86
	EndGlobalSection
	GlobalSection(SolutionProperties) = preSolution
		HideSolutionNode = FALSE
	EndGlobalSection
EndGlobal
