
Microsoft Visual Studio Solution File, Format Version 11.00
# Visual Studio 2010
Project("{FAE04EC0-301F-11D3-BF4B-00C04F79EFBC}") = "useReference", "useReference\useReference.csproj", "{041513BC-198E-4362-AC8F-1CF4535307F6}"
EndProject
Global
	GlobalSection(SolutionConfigurationPlatforms) = preSolution
		Debug|x86 = Debug|x86
		Release|x86 = Release|x86
	EndGlobalSection
	GlobalSection(ProjectConfigurationPlatforms) = postSolution
		{041513BC-198E-4362-AC8F-1CF4535307F6}.Debug|x86.ActiveCfg = Debug|x86
		{041513BC-198E-4362-AC8F-1CF4535307F6}.Debug|x86.Build.0 = Debug|x86
		{041513BC-198E-4362-AC8F-1CF4535307F6}.Release|x86.ActiveCfg = Release|x86
		{041513BC-198E-4362-AC8F-1CF4535307F6}.Release|x86.Build.0 = Release|x86
	EndGlobalSection
	GlobalSection(SolutionProperties) = preSolution
		HideSolutionNode = FALSE
	EndGlobalSection
EndGlobal
